github.com/McShelby/hugo-theme-relearn v0.0.0-20241025063418-28fce6b04c41 h1:v63Cd8JaY9tshjzjS7qx42XBYzWSJRiPsUJH/5H8uB0=
github.com/McShelby/hugo-theme-relearn v0.0.0-20241025063418-28fce6b04c41/go.mod h1:mKQQdxZNIlLvAj8X3tMq+RzntIJSr9z7XdzuMomt0IM=
github.com/McShelby/hugo-theme-relearn v0.0.0-20250515183950-57af16f89ea2 h1:RImnr8rh1xGYIMtXcG3TIc849nvzO2J83tA2Huv3OZ8=
github.com/McShelby/hugo-theme-relearn v0.0.0-20250515183950-57af16f89ea2/go.mod h1:mKQQdxZNIlLvAj8X3tMq+RzntIJSr9z7XdzuMomt0IM=
